Microsoft Visual Studio Solution File, Format Version 12.00
# Visual Studio Version 17
VisualStudioVersion = 17.0.31903.59
MinimumVisualStudioVersion = 10.0.40219.1
Project("{FAE04EC0-301F-11D3-BF4B-00C04F79EFBC}") = "api", "api\api.csproj", "{13625400-A9BF-4AD2-883A-BA739C35B976}"
EndProject
Project("{FAE04EC0-301F-11D3-BF4B-00C04F79EFBC}") = "efscaffold", "efscaffold\efscaffold.csproj", "{53ABEAAE-FEC7-41AA-82F6-F2C6AAFDA03A}"
EndProject
Project("{FAE04EC0-301F-11D3-BF4B-00C04F79EFBC}") = "DataAccess", "DataAccess\DataAccess.csproj", "{C3F8F6F0-33A6-4E8F-B89C-7A57A9E5E5A3}"
EndProject
Project("{FAE04EC0-301F-11D3-BF4B-00C04F79EFBC}") = "Tests", "Tests\Tests.csproj", "{B4F8F6F0-33A6-4E8F-B89C-7A57A9E5E5A4}"
EndProject
Global
	GlobalSection(SolutionConfigurationPlatforms) = preSolution
		Debug|Any CPU = Debug|Any CPU
		Debug|x64 = Debug|x64
		Debug|x86 = Debug|x86
		Release|Any CPU = Release|Any CPU
		Release|x64 = Release|x64
		Release|x86 = Release|x86
	EndGlobalSection
	GlobalSection(ProjectConfigurationPlatforms) = postSolution
		{13625400-A9BF-4AD2-883A-BA739C35B976}.Debug|Any CPU.ActiveCfg = Debug|Any CPU
		{13625400-A9BF-4AD2-883A-BA739C35B976}.Debug|Any CPU.Build.0 = Debug|Any CPU
		{13625400-A9BF-4AD2-883A-BA739C35B976}.Debug|x64.ActiveCfg = Debug|Any CPU
		{13625400-A9BF-4AD2-883A-BA739C35B976}.Debug|x64.Build.0 = Debug|Any CPU
		{13625400-A9BF-4AD2-883A-BA739C35B976}.Debug|x86.ActiveCfg = Debug|Any CPU
		{13625400-A9BF-4AD2-883A-BA739C35B976}.Debug|x86.Build.0 = Debug|Any CPU
		{13625400-A9BF-4AD2-883A-BA739C35B976}.Release|Any CPU.ActiveCfg = Release|Any CPU
		{13625400-A9BF-4AD2-883A-BA739C35B976}.Release|Any CPU.Build.0 = Release|Any CPU
		{13625400-A9BF-4AD2-883A-BA739C35B976}.Release|x64.ActiveCfg = Release|Any CPU
		{13625400-A9BF-4AD2-883A-BA739C35B976}.Release|x64.Build.0 = Release|Any CPU
		{13625400-A9BF-4AD2-883A-BA739C35B976}.Release|x86.ActiveCfg = Release|Any CPU
		{13625400-A9BF-4AD2-883A-BA739C35B976}.Release|x86.Build.0 = Release|Any CPU
		{53ABEAAE-FEC7-41AA-82F6-F2C6AAFDA03A}.Debug|Any CPU.ActiveCfg = Debug|Any CPU
		{53ABEAAE-FEC7-41AA-82F6-F2C6AAFDA03A}.Debug|Any CPU.Build.0 = Debug|Any CPU
		{53ABEAAE-FEC7-41AA-82F6-F2C6AAFDA03A}.Debug|x64.ActiveCfg = Debug|Any CPU
		{53ABEAAE-FEC7-41AA-82F6-F2C6AAFDA03A}.Debug|x64.Build.0 = Debug|Any CPU
		{53ABEAAE-FEC7-41AA-82F6-F2C6AAFDA03A}.Debug|x86.ActiveCfg = Debug|Any CPU
		{53ABEAAE-FEC7-41AA-82F6-F2C6AAFDA03A}.Debug|x86.Build.0 = Debug|Any CPU
		{53ABEAAE-FEC7-41AA-82F6-F2C6AAFDA03A}.Release|Any CPU.ActiveCfg = Release|Any CPU
		{53ABEAAE-FEC7-41AA-82F6-F2C6AAFDA03A}.Release|Any CPU.Build.0 = Release|Any CPU
		{53ABEAAE-FEC7-41AA-82F6-F2C6AAFDA03A}.Release|x64.ActiveCfg = Release|Any CPU
		{53ABEAAE-FEC7-41AA-82F6-F2C6AAFDA03A}.Release|x64.Build.0 = Release|Any CPU
		{53ABEAAE-FEC7-41AA-82F6-F2C6AAFDA03A}.Release|x86.ActiveCfg = Release|Any CPU
		{53ABEAAE-FEC7-41AA-82F6-F2C6AAFDA03A}.Release|x86.Build.0 = Release|Any CPU
		{C3F8F6F0-33A6-4E8F-B89C-7A57A9E5E5A3}.Debug|Any CPU.ActiveCfg = Debug|Any CPU
		{C3F8F6F0-33A6-4E8F-B89C-7A57A9E5E5A3}.Debug|Any CPU.Build.0 = Debug|Any CPU
		{C3F8F6F0-33A6-4E8F-B89C-7A57A9E5E5A3}.Debug|x64.ActiveCfg = Debug|Any CPU
		{C3F8F6F0-33A6-4E8F-B89C-7A57A9E5E5A3}.Debug|x64.Build.0 = Debug|Any CPU
		{C3F8F6F0-33A6-4E8F-B89C-7A57A9E5E5A3}.Debug|x86.ActiveCfg = Debug|Any CPU
		{C3F8F6F0-33A6-4E8F-B89C-7A57A9E5E5A3}.Debug|x86.Build.0 = Debug|Any CPU
		{C3F8F6F0-33A6-4E8F-B89C-7A57A9E5E5A3}.Release|Any CPU.ActiveCfg = Release|Any CPU
		{C3F8F6F0-33A6-4E8F-B89C-7A57A9E5E5A3}.Release|Any CPU.Build.0 = Release|Any CPU
		{C3F8F6F0-33A6-4E8F-B89C-7A57A9E5E5A3}.Release|x64.ActiveCfg = Release|Any CPU
		{C3F8F6F0-33A6-4E8F-B89C-7A57A9E5E5A3}.Release|x64.Build.0 = Release|Any CPU
		{C3F8F6F0-33A6-4E8F-B89C-7A57A9E5E5A3}.Release|x86.ActiveCfg = Release|Any CPU
		{C3F8F6F0-33A6-4E8F-B89C-7A57A9E5E5A3}.Release|x86.Build.0 = Release|Any CPU
		{B4F8F6F0-33A6-4E8F-B89C-7A57A9E5E5A4}.Debug|Any CPU.ActiveCfg = Debug|Any CPU
		{B4F8F6F0-33A6-4E8F-B89C-7A57A9E5E5A4}.Debug|Any CPU.Build.0 = Debug|Any CPU
		{B4F8F6F0-33A6-4E8F-B89C-7A57A9E5E5A4}.Debug|x64.ActiveCfg = Debug|Any CPU
		{B4F8F6F0-33A6-4E8F-B89C-7A57A9E5E5A4}.Debug|x64.Build.0 = Debug|Any CPU
		{B4F8F6F0-33A6-4E8F-B89C-7A57A9E5E5A4}.Debug|x86.ActiveCfg = Debug|Any CPU
		{B4F8F6F0-33A6-4E8F-B89C-7A57A9E5E5A4}.Debug|x86.Build.0 = Debug|Any CPU
		{B4F8F6F0-33A6-4E8F-B89C-7A57A9E5E5A4}.Release|Any CPU.ActiveCfg = Release|Any CPU
		{B4F8F6F0-33A6-4E8F-B89C-7A57A9E5E5A4}.Release|Any CPU.Build.0 = Release|Any CPU
		{B4F8F6F0-33A6-4E8F-B89C-7A57A9E5E5A4}.Release|x64.ActiveCfg = Release|Any CPU
		{B4F8F6F0-33A6-4E8F-B89C-7A57A9E5E5A4}.Release|x64.Build.0 = Release|Any CPU
		{B4F8F6F0-33A6-4E8F-B89C-7A57A9E5E5A4}.Release|x86.ActiveCfg = Release|Any CPU
		{B4F8F6F0-33A6-4E8F-B89C-7A57A9E5E5A4}.Release|x86.Build.0 = Release|Any CPU
	EndGlobalSection
	GlobalSection(SolutionProperties) = preSolution
		HideSolutionNode = FALSE
	EndGlobalSection
EndGlobal
